
Microsoft Visual Studio Solution File, Format Version 12.00
# Visual Studio Version 17
VisualStudioVersion = 17.13.35825.156 d17.13
MinimumVisualStudioVersion = 10.0.40219.1
Project("{FAE04EC0-301F-11D3-BF4B-00C04F79EFBC}") = "SMV-Lab1-Nechet", "SMV-Lab1-Nechet\SMV-Lab1-Nechet.csproj", "{3D735131-C8ED-4279-8D3B-86F35042DBE0}"
EndProject
Global
	GlobalSection(SolutionConfigurationPlatforms) = preSolution
		Debug|Any CPU = Debug|Any CPU
		Release|Any CPU = Release|Any CPU
	EndGlobalSection
	GlobalSection(ProjectConfigurationPlatforms) = postSolution
		{3D735131-C8ED-4279-8D3B-86F35042DBE0}.Debug|Any CPU.ActiveCfg = Debug|Any CPU
		{3D735131-C8ED-4279-8D3B-86F35042DBE0}.Debug|Any CPU.Build.0 = Debug|Any CPU
		{3D735131-C8ED-4279-8D3B-86F35042DBE0}.Release|Any CPU.ActiveCfg = Release|Any CPU
		{3D735131-C8ED-4279-8D3B-86F35042DBE0}.Release|Any CPU.Build.0 = Release|Any CPU
	EndGlobalSection
	GlobalSection(SolutionProperties) = preSolution
		HideSolutionNode = FALSE
	EndGlobalSection
	GlobalSection(ExtensibilityGlobals) = postSolution
		SolutionGuid = {7FE0D8E8-7D94-45FE-955A-4846F55837C9}
	EndGlobalSection
EndGlobal
